
Microsoft Visual Studio Solution File, Format Version 12.00
# Visual Studio Version 17
VisualStudioVersion = 17.5.002.0
MinimumVisualStudioVersion = 10.0.40219.1
Project("{9A19103F-16F7-4668-BE54-9A1E7A4F7556}") = "test-web-app", "test-web-app.csproj", "{1F94BE8E-46CD-4A4A-A485-396C80C779AA}"
EndProject
Global
	GlobalSection(SolutionConfigurationPlatforms) = preSolution
		Debug|Any CPU = Debug|Any CPU
		Release|Any CPU = Release|Any CPU
	EndGlobalSection
	GlobalSection(ProjectConfigurationPlatforms) = postSolution
		{1F94BE8E-46CD-4A4A-A485-396C80C779AA}.Debug|Any CPU.ActiveCfg = Debug|Any CPU
		{1F94BE8E-46CD-4A4A-A485-396C80C779AA}.Debug|Any CPU.Build.0 = Debug|Any CPU
		{1F94BE8E-46CD-4A4A-A485-396C80C779AA}.Release|Any CPU.ActiveCfg = Release|Any CPU
		{1F94BE8E-46CD-4A4A-A485-396C80C779AA}.Release|Any CPU.Build.0 = Release|Any CPU
	EndGlobalSection
	GlobalSection(SolutionProperties) = preSolution
		HideSolutionNode = FALSE
	EndGlobalSection
	GlobalSection(ExtensibilityGlobals) = postSolution
		SolutionGuid = {6621F795-85AA-4A3D-A884-A541E8BA5501}
	EndGlobalSection
EndGlobal
